// !$*UTF8*$!
{
	archiveVersion = 1;
	classes = {
	};
	objectVersion = 50;
	objects = {

/* Begin PBXBuildFile section */
		F8140401271BE84C0072BAD2 /* NetworkResource.swift in Sources */ = {isa = PBXBuildFile; fileRef = F8140400271BE84C0072BAD2 /* NetworkResource.swift */; };
		F8140406271BEB7C0072BAD2 /* TypiCodeModel.swift in Sources */ = {isa = PBXBuildFile; fileRef = F8140405271BEB7C0072BAD2 /* TypiCodeModel.swift */; };
		F814040B271BEBB20072BAD2 /* TypiCodeService.swift in Sources */ = {isa = PBXBuildFile; fileRef = F814040A271BEBB20072BAD2 /* TypiCodeService.swift */; };
		F8140410271BEF4B0072BAD2 /* TypiCodeRepositoryImpl.swift in Sources */ = {isa = PBXBuildFile; fileRef = F814040F271BEF4B0072BAD2 /* TypiCodeRepositoryImpl.swift */; };
		F8140415271BF1710072BAD2 /* TypiCodeViewModel.swift in Sources */ = {isa = PBXBuildFile; fileRef = F8140414271BF1710072BAD2 /* TypiCodeViewModel.swift */; };
		F814041A271BFD8B0072BAD2 /* TypiCodeTodoItemView.swift in Sources */ = {isa = PBXBuildFile; fileRef = F8140419271BFD8A0072BAD2 /* TypiCodeTodoItemView.swift */; };
		F840C5F7271C315800AB9A08 /* TodoListApiServiceProtocal.swift in Sources */ = {isa = PBXBuildFile; fileRef = F840C5F6271C315800AB9A08 /* TodoListApiServiceProtocal.swift */; };
		F840C5FC271C317300AB9A08 /* TypicodeApiServiceProtocol.swift in Sources */ = {isa = PBXBuildFile; fileRef = F840C5FB271C317300AB9A08 /* TypicodeApiServiceProtocol.swift */; };
		F85BA076271AE92D00EF9FCD /* AddTodoFormView.swift in Sources */ = {isa = PBXBuildFile; fileRef = F85BA075271AE92D00EF9FCD /* AddTodoFormView.swift */; };
		F8B8C2CA2719C870000D7A5F /* AppDelegate.swift in Sources */ = {isa = PBXBuildFile; fileRef = F8B8C2C92719C870000D7A5F /* AppDelegate.swift */; };
		F8B8C2CC2719C870000D7A5F /* SceneDelegate.swift in Sources */ = {isa = PBXBuildFile; fileRef = F8B8C2CB2719C870000D7A5F /* SceneDelegate.swift */; };
		F8B8C2CE2719C870000D7A5F /* ContentView.swift in Sources */ = {isa = PBXBuildFile; fileRef = F8B8C2CD2719C870000D7A5F /* ContentView.swift */; };
		F8B8C2D02719C874000D7A5F /* Assets.xcassets in Resources */ = {isa = PBXBuildFile; fileRef = F8B8C2CF2719C874000D7A5F /* Assets.xcassets */; };
		F8B8C2D32719C874000D7A5F /* Preview Assets.xcassets in Resources */ = {isa = PBXBuildFile; fileRef = F8B8C2D22719C874000D7A5F /* Preview Assets.xcassets */; };
		F8B8C2D62719C874000D7A5F /* LaunchScreen.storyboard in Resources */ = {isa = PBXBuildFile; fileRef = F8B8C2D42719C874000D7A5F /* LaunchScreen.storyboard */; };
		F8B8C2E12719C874000D7A5F /* SwiftUiMVVMTodoTests.swift in Sources */ = {isa = PBXBuildFile; fileRef = F8B8C2E02719C874000D7A5F /* SwiftUiMVVMTodoTests.swift */; };
		F8B8C2EC2719C874000D7A5F /* SwiftUiMVVMTodoUITests.swift in Sources */ = {isa = PBXBuildFile; fileRef = F8B8C2EB2719C874000D7A5F /* SwiftUiMVVMTodoUITests.swift */; };
		F8B8C3012719D53A000D7A5F /* TodoListViewModel.swift in Sources */ = {isa = PBXBuildFile; fileRef = F8B8C3002719D53A000D7A5F /* TodoListViewModel.swift */; };
		F8B8C3062719D568000D7A5F /* TodoListModel.swift in Sources */ = {isa = PBXBuildFile; fileRef = F8B8C3052719D568000D7A5F /* TodoListModel.swift */; };
		F8B8C30C2719D61A000D7A5F /* TodoListApiService.swift in Sources */ = {isa = PBXBuildFile; fileRef = F8B8C30B2719D61A000D7A5F /* TodoListApiService.swift */; };
		F8B8C3112719D6AC000D7A5F /* TodoListRepositoryImpl.swift in Sources */ = {isa = PBXBuildFile; fileRef = F8B8C3102719D6AC000D7A5F /* TodoListRepositoryImpl.swift */; };
		F8B8C3162719D9A6000D7A5F /* TodoListView.swift in Sources */ = {isa = PBXBuildFile; fileRef = F8B8C3152719D9A6000D7A5F /* TodoListView.swift */; };
		F8D2C4D2271E8FAD00A84BE1 /* SideMenu.swift in Sources */ = {isa = PBXBuildFile; fileRef = F8D2C4D1271E8FAD00A84BE1 /* SideMenu.swift */; };
		F8D2C4D7271E91DA00A84BE1 /* SideMenuView.swift in Sources */ = {isa = PBXBuildFile; fileRef = F8D2C4D6271E91DA00A84BE1 /* SideMenuView.swift */; };
		F8D2C4DC271E91F200A84BE1 /* SideMenuHeaderView.swift in Sources */ = {isa = PBXBuildFile; fileRef = F8D2C4DB271E91F200A84BE1 /* SideMenuHeaderView.swift */; };
		F8D2C4E1271E922300A84BE1 /* MenuItemsView.swift in Sources */ = {isa = PBXBuildFile; fileRef = F8D2C4E0271E922300A84BE1 /* MenuItemsView.swift */; };
		F8D2C4E6271E925100A84BE1 /* SideMenuViewModel.swift in Sources */ = {isa = PBXBuildFile; fileRef = F8D2C4E5271E925100A84BE1 /* SideMenuViewModel.swift */; };
		F8E04E092720084200696937 /* TodoRowView.swift in Sources */ = {isa = PBXBuildFile; fileRef = F8E04E082720084200696937 /* TodoRowView.swift */; };
		F8E04E1127200A8100696937 /* CompletedTodos.swift in Sources */ = {isa = PBXBuildFile; fileRef = F8E04E1027200A8100696937 /* CompletedTodos.swift */; };
		F8E183BD271C2C6000D09217 /* TodoListRepository.swift in Sources */ = {isa = PBXBuildFile; fileRef = F8E183BC271C2C6000D09217 /* TodoListRepository.swift */; };
		F8E183C5271C2CAC00D09217 /* TypiCodeRepository.swift in Sources */ = {isa = PBXBuildFile; fileRef = F8E183C4271C2CAC00D09217 /* TypiCodeRepository.swift */; };
		F8F5C668271C47A400B2469E /* StringUtils.swift in Sources */ = {isa = PBXBuildFile; fileRef = F8F5C667271C47A400B2469E /* StringUtils.swift */; };
/* End PBXBuildFile section */

/* Begin PBXContainerItemProxy section */
		F8B8C2DD2719C874000D7A5F /* PBXContainerItemProxy */ = {
			isa = PBXContainerItemProxy;
			containerPortal = F8B8C2BE2719C870000D7A5F /* Project object */;
			proxyType = 1;
			remoteGlobalIDString = F8B8C2C52719C870000D7A5F;
			remoteInfo = SwiftUiMVVMTodo;
		};
		F8B8C2E82719C874000D7A5F /* PBXContainerItemProxy */ = {
			isa = PBXContainerItemProxy;
			containerPortal = F8B8C2BE2719C870000D7A5F /* Project object */;
			proxyType = 1;
			remoteGlobalIDString = F8B8C2C52719C870000D7A5F;
			remoteInfo = SwiftUiMVVMTodo;
		};
/* End PBXContainerItemProxy section */

/* Begin PBXFileReference section */
		F8140400271BE84C0072BAD2 /* NetworkResource.swift */ = {isa = PBXFileReference; lastKnownFileType = sourcecode.swift; path = NetworkResource.swift; sourceTree = "<group>"; };
		F8140405271BEB7C0072BAD2 /* TypiCodeModel.swift */ = {isa = PBXFileReference; lastKnownFileType = sourcecode.swift; path = TypiCodeModel.swift; sourceTree = "<group>"; };
		F814040A271BEBB20072BAD2 /* TypiCodeService.swift */ = {isa = PBXFileReference; lastKnownFileType = sourcecode.swift; path = TypiCodeService.swift; sourceTree = "<group>"; };
		F814040F271BEF4B0072BAD2 /* TypiCodeRepositoryImpl.swift */ = {isa = PBXFileReference; lastKnownFileType = sourcecode.swift; path = TypiCodeRepositoryImpl.swift; sourceTree = "<group>"; };
		F8140414271BF1710072BAD2 /* TypiCodeViewModel.swift */ = {isa = PBXFileReference; lastKnownFileType = sourcecode.swift; path = TypiCodeViewModel.swift; sourceTree = "<group>"; };
		F8140419271BFD8A0072BAD2 /* TypiCodeTodoItemView.swift */ = {isa = PBXFileReference; lastKnownFileType = sourcecode.swift; path = TypiCodeTodoItemView.swift; sourceTree = "<group>"; };
		F840C5F6271C315800AB9A08 /* TodoListApiServiceProtocal.swift */ = {isa = PBXFileReference; lastKnownFileType = sourcecode.swift; path = TodoListApiServiceProtocal.swift; sourceTree = "<group>"; };
		F840C5FB271C317300AB9A08 /* TypicodeApiServiceProtocol.swift */ = {isa = PBXFileReference; lastKnownFileType = sourcecode.swift; path = TypicodeApiServiceProtocol.swift; sourceTree = "<group>"; };
		F85BA075271AE92D00EF9FCD /* AddTodoFormView.swift */ = {isa = PBXFileReference; lastKnownFileType = sourcecode.swift; path = AddTodoFormView.swift; sourceTree = "<group>"; };
		F8B8C2C62719C870000D7A5F /* SwiftUiMVVMTodo.app */ = {isa = PBXFileReference; explicitFileType = wrapper.application; includeInIndex = 0; path = SwiftUiMVVMTodo.app; sourceTree = BUILT_PRODUCTS_DIR; };
		F8B8C2C92719C870000D7A5F /* AppDelegate.swift */ = {isa = PBXFileReference; lastKnownFileType = sourcecode.swift; path = AppDelegate.swift; sourceTree = "<group>"; };
		F8B8C2CB2719C870000D7A5F /* SceneDelegate.swift */ = {isa = PBXFileReference; lastKnownFileType = sourcecode.swift; path = SceneDelegate.swift; sourceTree = "<group>"; };
		F8B8C2CD2719C870000D7A5F /* ContentView.swift */ = {isa = PBXFileReference; lastKnownFileType = sourcecode.swift; path = ContentView.swift; sourceTree = "<group>"; };
		F8B8C2CF2719C874000D7A5F /* Assets.xcassets */ = {isa = PBXFileReference; lastKnownFileType = folder.assetcatalog; path = Assets.xcassets; sourceTree = "<group>"; };
		F8B8C2D22719C874000D7A5F /* Preview Assets.xcassets */ = {isa = PBXFileReference; lastKnownFileType = folder.assetcatalog; path = "Preview Assets.xcassets"; sourceTree = "<group>"; };
		F8B8C2D52719C874000D7A5F /* Base */ = {isa = PBXFileReference; lastKnownFileType = file.storyboard; name = Base; path = Base.lproj/LaunchScreen.storyboard; sourceTree = "<group>"; };
		F8B8C2D72719C874000D7A5F /* Info.plist */ = {isa = PBXFileReference; lastKnownFileType = text.plist.xml; path = Info.plist; sourceTree = "<group>"; };
		F8B8C2DC2719C874000D7A5F /* SwiftUiMVVMTodoTests.xctest */ = {isa = PBXFileReference; explicitFileType = wrapper.cfbundle; includeInIndex = 0; path = SwiftUiMVVMTodoTests.xctest; sourceTree = BUILT_PRODUCTS_DIR; };
		F8B8C2E02719C874000D7A5F /* SwiftUiMVVMTodoTests.swift */ = {isa = PBXFileReference; lastKnownFileType = sourcecode.swift; path = SwiftUiMVVMTodoTests.swift; sourceTree = "<group>"; };
		F8B8C2E22719C874000D7A5F /* Info.plist */ = {isa = PBXFileReference; lastKnownFileType = text.plist.xml; path = Info.plist; sourceTree = "<group>"; };
		F8B8C2E72719C874000D7A5F /* SwiftUiMVVMTodoUITests.xctest */ = {isa = PBXFileReference; explicitFileType = wrapper.cfbundle; includeInIndex = 0; path = SwiftUiMVVMTodoUITests.xctest; sourceTree = BUILT_PRODUCTS_DIR; };
		F8B8C2EB2719C874000D7A5F /* SwiftUiMVVMTodoUITests.swift */ = {isa = PBXFileReference; lastKnownFileType = sourcecode.swift; path = SwiftUiMVVMTodoUITests.swift; sourceTree = "<group>"; };
		F8B8C2ED2719C874000D7A5F /* Info.plist */ = {isa = PBXFileReference; lastKnownFileType = text.plist.xml; path = Info.plist; sourceTree = "<group>"; };
		F8B8C3002719D53A000D7A5F /* TodoListViewModel.swift */ = {isa = PBXFileReference; lastKnownFileType = sourcecode.swift; path = TodoListViewModel.swift; sourceTree = "<group>"; };
		F8B8C3052719D568000D7A5F /* TodoListModel.swift */ = {isa = PBXFileReference; lastKnownFileType = sourcecode.swift; path = TodoListModel.swift; sourceTree = "<group>"; };
		F8B8C30B2719D61A000D7A5F /* TodoListApiService.swift */ = {isa = PBXFileReference; lastKnownFileType = sourcecode.swift; path = TodoListApiService.swift; sourceTree = "<group>"; };
		F8B8C3102719D6AC000D7A5F /* TodoListRepositoryImpl.swift */ = {isa = PBXFileReference; lastKnownFileType = sourcecode.swift; path = TodoListRepositoryImpl.swift; sourceTree = "<group>"; };
		F8B8C3152719D9A6000D7A5F /* TodoListView.swift */ = {isa = PBXFileReference; lastKnownFileType = sourcecode.swift; path = TodoListView.swift; sourceTree = "<group>"; };
		F8D2C4D1271E8FAD00A84BE1 /* SideMenu.swift */ = {isa = PBXFileReference; lastKnownFileType = sourcecode.swift; path = SideMenu.swift; sourceTree = "<group>"; };
		F8D2C4D6271E91DA00A84BE1 /* SideMenuView.swift */ = {isa = PBXFileReference; lastKnownFileType = sourcecode.swift; path = SideMenuView.swift; sourceTree = "<group>"; };
		F8D2C4DB271E91F200A84BE1 /* SideMenuHeaderView.swift */ = {isa = PBXFileReference; lastKnownFileType = sourcecode.swift; path = SideMenuHeaderView.swift; sourceTree = "<group>"; };
		F8D2C4E0271E922300A84BE1 /* MenuItemsView.swift */ = {isa = PBXFileReference; lastKnownFileType = sourcecode.swift; path = MenuItemsView.swift; sourceTree = "<group>"; };
		F8D2C4E5271E925100A84BE1 /* SideMenuViewModel.swift */ = {isa = PBXFileReference; lastKnownFileType = sourcecode.swift; path = SideMenuViewModel.swift; sourceTree = "<group>"; };
		F8E04E082720084200696937 /* TodoRowView.swift */ = {isa = PBXFileReference; lastKnownFileType = sourcecode.swift; path = TodoRowView.swift; sourceTree = "<group>"; };
		F8E04E1027200A8100696937 /* CompletedTodos.swift */ = {isa = PBXFileReference; lastKnownFileType = sourcecode.swift; path = CompletedTodos.swift; sourceTree = "<group>"; };
		F8E183BC271C2C6000D09217 /* TodoListRepository.swift */ = {isa = PBXFileReference; lastKnownFileType = sourcecode.swift; path = TodoListRepository.swift; sourceTree = "<group>"; };
		F8E183C4271C2CAC00D09217 /* TypiCodeRepository.swift */ = {isa = PBXFileReference; lastKnownFileType = sourcecode.swift; path = TypiCodeRepository.swift; sourceTree = "<group>"; };
		F8F5C667271C47A400B2469E /* StringUtils.swift */ = {isa = PBXFileReference; lastKnownFileType = sourcecode.swift; path = StringUtils.swift; sourceTree = "<group>"; };
/* End PBXFileReference section */

/* Begin PBXFrameworksBuildPhase section */
		F8B8C2C32719C870000D7A5F /* Frameworks */ = {
			isa = PBXFrameworksBuildPhase;
			buildActionMask = 2147483647;
			files = (
			);
			runOnlyForDeploymentPostprocessing = 0;
		};
		F8B8C2D92719C874000D7A5F /* Frameworks */ = {
			isa = PBXFrameworksBuildPhase;
			buildActionMask = 2147483647;
			files = (
			);
			runOnlyForDeploymentPostprocessing = 0;
		};
		F8B8C2E42719C874000D7A5F /* Frameworks */ = {
			isa = PBXFrameworksBuildPhase;
			buildActionMask = 2147483647;
			files = (
			);
			runOnlyForDeploymentPostprocessing = 0;
		};
/* End PBXFrameworksBuildPhase section */

/* Begin PBXGroup section */
		F81403FF271BE82A0072BAD2 /* Resource */ = {
			isa = PBXGroup;
			children = (
				F8140400271BE84C0072BAD2 /* NetworkResource.swift */,
			);
			path = Resource;
			sourceTree = "<group>";
		};
		F840C5F4271C30F800AB9A08 /* Services */ = {
			isa = PBXGroup;
			children = (
				F840C5F5271C310900AB9A08 /* Remote */,
			);
			path = Services;
			sourceTree = "<group>";
		};
		F840C5F5271C310900AB9A08 /* Remote */ = {
			isa = PBXGroup;
			children = (
				F840C5F6271C315800AB9A08 /* TodoListApiServiceProtocal.swift */,
				F840C5FB271C317300AB9A08 /* TypicodeApiServiceProtocol.swift */,
			);
			path = Remote;
			sourceTree = "<group>";
		};
		F8B8C2BD2719C870000D7A5F = {
			isa = PBXGroup;
			children = (
				F8B8C2C82719C870000D7A5F /* SwiftUiMVVMTodo */,
				F8B8C2DF2719C874000D7A5F /* SwiftUiMVVMTodoTests */,
				F8B8C2EA2719C874000D7A5F /* SwiftUiMVVMTodoUITests */,
				F8B8C2C72719C870000D7A5F /* Products */,
			);
			sourceTree = "<group>";
		};
		F8B8C2C72719C870000D7A5F /* Products */ = {
			isa = PBXGroup;
			children = (
				F8B8C2C62719C870000D7A5F /* SwiftUiMVVMTodo.app */,
				F8B8C2DC2719C874000D7A5F /* SwiftUiMVVMTodoTests.xctest */,
				F8B8C2E72719C874000D7A5F /* SwiftUiMVVMTodoUITests.xctest */,
			);
			name = Products;
			sourceTree = "<group>";
		};
		F8B8C2C82719C870000D7A5F /* SwiftUiMVVMTodo */ = {
			isa = PBXGroup;
			children = (
				F8E183B7271C2A2C00D09217 /* Domain */,
				F8E183B6271C2A0E00D09217 /* Presentation */,
				F8E183B5271C2A0400D09217 /* Data */,
				F8E183B4271C29F600D09217 /* Common */,
				F8B8C2C92719C870000D7A5F /* AppDelegate.swift */,
				F8B8C2CB2719C870000D7A5F /* SceneDelegate.swift */,
				F8B8C2CD2719C870000D7A5F /* ContentView.swift */,
				F8B8C2CF2719C874000D7A5F /* Assets.xcassets */,
				F8B8C2D42719C874000D7A5F /* LaunchScreen.storyboard */,
				F8B8C2D72719C874000D7A5F /* Info.plist */,
				F8B8C2D12719C874000D7A5F /* Preview Content */,
			);
			path = SwiftUiMVVMTodo;
			sourceTree = "<group>";
		};
		F8B8C2D12719C874000D7A5F /* Preview Content */ = {
			isa = PBXGroup;
			children = (
				F8B8C2D22719C874000D7A5F /* Preview Assets.xcassets */,
			);
			path = "Preview Content";
			sourceTree = "<group>";
		};
		F8B8C2DF2719C874000D7A5F /* SwiftUiMVVMTodoTests */ = {
			isa = PBXGroup;
			children = (
				F8B8C2E02719C874000D7A5F /* SwiftUiMVVMTodoTests.swift */,
				F8B8C2E22719C874000D7A5F /* Info.plist */,
			);
			path = SwiftUiMVVMTodoTests;
			sourceTree = "<group>";
		};
		F8B8C2EA2719C874000D7A5F /* SwiftUiMVVMTodoUITests */ = {
			isa = PBXGroup;
			children = (
				F8B8C2EB2719C874000D7A5F /* SwiftUiMVVMTodoUITests.swift */,
				F8B8C2ED2719C874000D7A5F /* Info.plist */,
			);
			path = SwiftUiMVVMTodoUITests;
			sourceTree = "<group>";
		};
		F8B8C2FC2719D4D5000D7A5F /* Models */ = {
			isa = PBXGroup;
			children = (
				F8B8C3052719D568000D7A5F /* TodoListModel.swift */,
				F8140405271BEB7C0072BAD2 /* TypiCodeModel.swift */,
			);
			path = Models;
			sourceTree = "<group>";
		};
		F8B8C2FE2719D4F7000D7A5F /* views */ = {
			isa = PBXGroup;
			children = (
				F8B8C3152719D9A6000D7A5F /* TodoListView.swift */,
				F8D2C4D1271E8FAD00A84BE1 /* SideMenu.swift */,
				F8D2C4D6271E91DA00A84BE1 /* SideMenuView.swift */,
				F8E04E072720082A00696937 /* Component */,
				F8D2C4DB271E91F200A84BE1 /* SideMenuHeaderView.swift */,
				F8D2C4E0271E922300A84BE1 /* MenuItemsView.swift */,
				F8140419271BFD8A0072BAD2 /* TypiCodeTodoItemView.swift */,
				F8E04E1027200A8100696937 /* CompletedTodos.swift */,
				F85BA075271AE92D00EF9FCD /* AddTodoFormView.swift */,
			);
			path = views;
			sourceTree = "<group>";
		};
		F8B8C2FF2719D50E000D7A5F /* ViewModels */ = {
			isa = PBXGroup;
			children = (
				F8B8C3002719D53A000D7A5F /* TodoListViewModel.swift */,
				F8D2C4E5271E925100A84BE1 /* SideMenuViewModel.swift */,
				F8140414271BF1710072BAD2 /* TypiCodeViewModel.swift */,
			);
			path = ViewModels;
			sourceTree = "<group>";
		};
		F8B8C30A2719D5BB000D7A5F /* Services */ = {
			isa = PBXGroup;
			children = (
				F8E183B8271C2A5900D09217 /* remote */,
			);
			path = Services;
			sourceTree = "<group>";
		};
		F8E04E072720082A00696937 /* Component */ = {
			isa = PBXGroup;
			children = (
				F8E04E082720084200696937 /* TodoRowView.swift */,
			);
			path = Component;
			sourceTree = "<group>";
		};
		F8E183B4271C29F600D09217 /* Common */ = {
			isa = PBXGroup;
			children = (
				F81403FF271BE82A0072BAD2 /* Resource */,
				F8F5C667271C47A400B2469E /* StringUtils.swift */,
			);
			path = Common;
			sourceTree = "<group>";
		};
		F8E183B5271C2A0400D09217 /* Data */ = {
			isa = PBXGroup;
			children = (
				F8B8C30A2719D5BB000D7A5F /* Services */,
				F8E183B9271C2A6300D09217 /* repository */,
			);
			path = Data;
			sourceTree = "<group>";
		};
		F8E183B6271C2A0E00D09217 /* Presentation */ = {
			isa = PBXGroup;
			children = (
				F8B8C2FE2719D4F7000D7A5F /* views */,
				F8B8C2FF2719D50E000D7A5F /* ViewModels */,
			);
			path = Presentation;
			sourceTree = "<group>";
		};
		F8E183B7271C2A2C00D09217 /* Domain */ = {
			isa = PBXGroup;
			children = (
				F840C5F4271C30F800AB9A08 /* Services */,
				F8B8C2FC2719D4D5000D7A5F /* Models */,
				F8E183BB271C2AA400D09217 /* repository */,
			);
			path = Domain;
			sourceTree = "<group>";
		};
		F8E183B8271C2A5900D09217 /* remote */ = {
			isa = PBXGroup;
			children = (
				F8B8C30B2719D61A000D7A5F /* TodoListApiService.swift */,
				F814040A271BEBB20072BAD2 /* TypiCodeService.swift */,
			);
			path = remote;
			sourceTree = "<group>";
		};
		F8E183B9271C2A6300D09217 /* repository */ = {
			isa = PBXGroup;
			children = (
				F8B8C3102719D6AC000D7A5F /* TodoListRepositoryImpl.swift */,
				F814040F271BEF4B0072BAD2 /* TypiCodeRepositoryImpl.swift */,
			);
			path = repository;
			sourceTree = "<group>";
		};
		F8E183BB271C2AA400D09217 /* repository */ = {
			isa = PBXGroup;
			children = (
				F8E183BC271C2C6000D09217 /* TodoListRepository.swift */,
				F8E183C4271C2CAC00D09217 /* TypiCodeRepository.swift */,
			);
			path = repository;
			sourceTree = "<group>";
		};
/* End PBXGroup section */

/* Begin PBXNativeTarget section */
		F8B8C2C52719C870000D7A5F /* SwiftUiMVVMTodo */ = {
			isa = PBXNativeTarget;
			buildConfigurationList = F8B8C2F02719C874000D7A5F /* Build configuration list for PBXNativeTarget "SwiftUiMVVMTodo" */;
			buildPhases = (
				F8B8C2C22719C870000D7A5F /* Sources */,
				F8B8C2C32719C870000D7A5F /* Frameworks */,
				F8B8C2C42719C870000D7A5F /* Resources */,
			);
			buildRules = (
			);
			dependencies = (
			);
			name = SwiftUiMVVMTodo;
			productName = SwiftUiMVVMTodo;
			productReference = F8B8C2C62719C870000D7A5F /* SwiftUiMVVMTodo.app */;
			productType = "com.apple.product-type.application";
		};
		F8B8C2DB2719C874000D7A5F /* SwiftUiMVVMTodoTests */ = {
			isa = PBXNativeTarget;
			buildConfigurationList = F8B8C2F32719C874000D7A5F /* Build configuration list for PBXNativeTarget "SwiftUiMVVMTodoTests" */;
			buildPhases = (
				F8B8C2D82719C874000D7A5F /* Sources */,
				F8B8C2D92719C874000D7A5F /* Frameworks */,
				F8B8C2DA2719C874000D7A5F /* Resources */,
			);
			buildRules = (
			);
			dependencies = (
				F8B8C2DE2719C874000D7A5F /* PBXTargetDependency */,
			);
			name = SwiftUiMVVMTodoTests;
			productName = SwiftUiMVVMTodoTests;
			productReference = F8B8C2DC2719C874000D7A5F /* SwiftUiMVVMTodoTests.xctest */;
			productType = "com.apple.product-type.bundle.unit-test";
		};
		F8B8C2E62719C874000D7A5F /* SwiftUiMVVMTodoUITests */ = {
			isa = PBXNativeTarget;
			buildConfigurationList = F8B8C2F62719C874000D7A5F /* Build configuration list for PBXNativeTarget "SwiftUiMVVMTodoUITests" */;
			buildPhases = (
				F8B8C2E32719C874000D7A5F /* Sources */,
				F8B8C2E42719C874000D7A5F /* Frameworks */,
				F8B8C2E52719C874000D7A5F /* Resources */,
			);
			buildRules = (
			);
			dependencies = (
				F8B8C2E92719C874000D7A5F /* PBXTargetDependency */,
			);
			name = SwiftUiMVVMTodoUITests;
			productName = SwiftUiMVVMTodoUITests;
			productReference = F8B8C2E72719C874000D7A5F /* SwiftUiMVVMTodoUITests.xctest */;
			productType = "com.apple.product-type.bundle.ui-testing";
		};
/* End PBXNativeTarget section */

/* Begin PBXProject section */
		F8B8C2BE2719C870000D7A5F /* Project object */ = {
			isa = PBXProject;
			attributes = {
				LastSwiftUpdateCheck = 1240;
				LastUpgradeCheck = 1240;
				TargetAttributes = {
					F8B8C2C52719C870000D7A5F = {
						CreatedOnToolsVersion = 12.4;
					};
					F8B8C2DB2719C874000D7A5F = {
						CreatedOnToolsVersion = 12.4;
						TestTargetID = F8B8C2C52719C870000D7A5F;
					};
					F8B8C2E62719C874000D7A5F = {
						CreatedOnToolsVersion = 12.4;
						TestTargetID = F8B8C2C52719C870000D7A5F;
					};
				};
			};
			buildConfigurationList = F8B8C2C12719C870000D7A5F /* Build configuration list for PBXProject "SwiftUiMVVMTodo" */;
			compatibilityVersion = "Xcode 9.3";
			developmentRegion = en;
			hasScannedForEncodings = 0;
			knownRegions = (
				en,
				Base,
			);
			mainGroup = F8B8C2BD2719C870000D7A5F;
			productRefGroup = F8B8C2C72719C870000D7A5F /* Products */;
			projectDirPath = "";
			projectRoot = "";
			targets = (
				F8B8C2C52719C870000D7A5F /* SwiftUiMVVMTodo */,
				F8B8C2DB2719C874000D7A5F /* SwiftUiMVVMTodoTests */,
				F8B8C2E62719C874000D7A5F /* SwiftUiMVVMTodoUITests */,
			);
		};
/* End PBXProject section */

/* Begin PBXResourcesBuildPhase section */
		F8B8C2C42719C870000D7A5F /* Resources */ = {
			isa = PBXResourcesBuildPhase;
			buildActionMask = 2147483647;
			files = (
				F8B8C2D62719C874000D7A5F /* LaunchScreen.storyboard in Resources */,
				F8B8C2D32719C874000D7A5F /* Preview Assets.xcassets in Resources */,
				F8B8C2D02719C874000D7A5F /* Assets.xcassets in Resources */,
			);
			runOnlyForDeploymentPostprocessing = 0;
		};
		F8B8C2DA2719C874000D7A5F /* Resources */ = {
			isa = PBXResourcesBuildPhase;
			buildActionMask = 2147483647;
			files = (
			);
			runOnlyForDeploymentPostprocessing = 0;
		};
		F8B8C2E52719C874000D7A5F /* Resources */ = {
			isa = PBXResourcesBuildPhase;
			buildActionMask = 2147483647;
			files = (
			);
			runOnlyForDeploymentPostprocessing = 0;
		};
/* End PBXResourcesBuildPhase section */

/* Begin PBXSourcesBuildPhase section */
		F8B8C2C22719C870000D7A5F /* Sources */ = {
			isa = PBXSourcesBuildPhase;
			buildActionMask = 2147483647;
			files = (
				F8B8C30C2719D61A000D7A5F /* TodoListApiService.swift in Sources */,
				F840C5FC271C317300AB9A08 /* TypicodeApiServiceProtocol.swift in Sources */,
				F8140406271BEB7C0072BAD2 /* TypiCodeModel.swift in Sources */,
				F8D2C4D2271E8FAD00A84BE1 /* SideMenu.swift in Sources */,
				F8D2C4D7271E91DA00A84BE1 /* SideMenuView.swift in Sources */,
				F840C5F7271C315800AB9A08 /* TodoListApiServiceProtocal.swift in Sources */,
				F8B8C3112719D6AC000D7A5F /* TodoListRepositoryImpl.swift in Sources */,
				F85BA076271AE92D00EF9FCD /* AddTodoFormView.swift in Sources */,
				F8B8C3162719D9A6000D7A5F /* TodoListView.swift in Sources */,
				F8E183BD271C2C6000D09217 /* TodoListRepository.swift in Sources */,
				F8B8C3062719D568000D7A5F /* TodoListModel.swift in Sources */,
				F8140410271BEF4B0072BAD2 /* TypiCodeRepositoryImpl.swift in Sources */,
				F8B8C3012719D53A000D7A5F /* TodoListViewModel.swift in Sources */,
				F8E183C5271C2CAC00D09217 /* TypiCodeRepository.swift in Sources */,
				F8140401271BE84C0072BAD2 /* NetworkResource.swift in Sources */,
				F814041A271BFD8B0072BAD2 /* TypiCodeTodoItemView.swift in Sources */,
				F8D2C4E1271E922300A84BE1 /* MenuItemsView.swift in Sources */,
				F8B8C2CA2719C870000D7A5F /* AppDelegate.swift in Sources */,
				F8B8C2CC2719C870000D7A5F /* SceneDelegate.swift in Sources */,
				F8F5C668271C47A400B2469E /* StringUtils.swift in Sources */,
				F8140415271BF1710072BAD2 /* TypiCodeViewModel.swift in Sources */,
				F8E04E092720084200696937 /* TodoRowView.swift in Sources */,
				F814040B271BEBB20072BAD2 /* TypiCodeService.swift in Sources */,
				F8B8C2CE2719C870000D7A5F /* ContentView.swift in Sources */,
				F8D2C4E6271E925100A84BE1 /* SideMenuViewModel.swift in Sources */,
				F8E04E1127200A8100696937 /* CompletedTodos.swift in Sources */,
				F8D2C4DC271E91F200A84BE1 /* SideMenuHeaderView.swift in Sources */,
			);
			runOnlyForDeploymentPostprocessing = 0;
		};
		F8B8C2D82719C874000D7A5F /* Sources */ = {
			isa = PBXSourcesBuildPhase;
			buildActionMask = 2147483647;
			files = (
				F8B8C2E12719C874000D7A5F /* SwiftUiMVVMTodoTests.swift in Sources */,
			);
			runOnlyForDeploymentPostprocessing = 0;
		};
		F8B8C2E32719C874000D7A5F /* Sources */ = {
			isa = PBXSourcesBuildPhase;
			buildActionMask = 2147483647;
			files = (
				F8B8C2EC2719C874000D7A5F /* SwiftUiMVVMTodoUITests.swift in Sources */,
			);
			runOnlyForDeploymentPostprocessing = 0;
		};
/* End PBXSourcesBuildPhase section */

/* Begin PBXTargetDependency section */
		F8B8C2DE2719C874000D7A5F /* PBXTargetDependency */ = {
			isa = PBXTargetDependency;
			target = F8B8C2C52719C870000D7A5F /* SwiftUiMVVMTodo */;
			targetProxy = F8B8C2DD2719C874000D7A5F /* PBXContainerItemProxy */;
		};
		F8B8C2E92719C874000D7A5F /* PBXTargetDependency */ = {
			isa = PBXTargetDependency;
			target = F8B8C2C52719C870000D7A5F /* SwiftUiMVVMTodo */;
			targetProxy = F8B8C2E82719C874000D7A5F /* PBXContainerItemProxy */;
		};
/* End PBXTargetDependency section */

/* Begin PBXVariantGroup section */
		F8B8C2D42719C874000D7A5F /* LaunchScreen.storyboard */ = {
			isa = PBXVariantGroup;
			children = (
				F8B8C2D52719C874000D7A5F /* Base */,
			);
			name = LaunchScreen.storyboard;
			sourceTree = "<group>";
		};
/* End PBXVariantGroup section */

/* Begin XCBuildConfiguration section */
		F8B8C2EE2719C874000D7A5F /* Debug */ = {
			isa = XCBuildConfiguration;
			buildSettings = {
				ALWAYS_SEARCH_USER_PATHS = NO;
				CLANG_ANALYZER_NONNULL = YES;
				CLANG_ANALYZER_NUMBER_OBJECT_CONVERSION = YES_AGGRESSIVE;
				CLANG_CXX_LANGUAGE_STANDARD = "gnu++14";
				CLANG_CXX_LIBRARY = "libc++";
				CLANG_ENABLE_MODULES = YES;
				CLANG_ENABLE_OBJC_ARC = YES;
				CLANG_ENABLE_OBJC_WEAK = YES;
				CLANG_WARN_BLOCK_CAPTURE_AUTORELEASING = YES;
				CLANG_WARN_BOOL_CONVERSION = YES;
				CLANG_WARN_COMMA = YES;
				CLANG_WARN_CONSTANT_CONVERSION = YES;
				CLANG_WARN_DEPRECATED_OBJC_IMPLEMENTATIONS = YES;
				CLANG_WARN_DIRECT_OBJC_ISA_USAGE = YES_ERROR;
				CLANG_WARN_DOCUMENTATION_COMMENTS = YES;
				CLANG_WARN_EMPTY_BODY = YES;
				CLANG_WARN_ENUM_CONVERSION = YES;
				CLANG_WARN_INFINITE_RECURSION = YES;
				CLANG_WARN_INT_CONVERSION = YES;
				CLANG_WARN_NON_LITERAL_NULL_CONVERSION = YES;
				CLANG_WARN_OBJC_IMPLICIT_RETAIN_SELF = YES;
				CLANG_WARN_OBJC_LITERAL_CONVERSION = YES;
				CLANG_WARN_OBJC_ROOT_CLASS = YES_ERROR;
				CLANG_WARN_QUOTED_INCLUDE_IN_FRAMEWORK_HEADER = YES;
				CLANG_WARN_RANGE_LOOP_ANALYSIS = YES;
				CLANG_WARN_STRICT_PROTOTYPES = YES;
				CLANG_WARN_SUSPICIOUS_MOVE = YES;
				CLANG_WARN_UNGUARDED_AVAILABILITY = YES_AGGRESSIVE;
				CLANG_WARN_UNREACHABLE_CODE = YES;
				CLANG_WARN__DUPLICATE_METHOD_MATCH = YES;
				COPY_PHASE_STRIP = NO;
				DEBUG_INFORMATION_FORMAT = dwarf;
				ENABLE_STRICT_OBJC_MSGSEND = YES;
				ENABLE_TESTABILITY = YES;
				GCC_C_LANGUAGE_STANDARD = gnu11;
				GCC_DYNAMIC_NO_PIC = NO;
				GCC_NO_COMMON_BLOCKS = YES;
				GCC_OPTIMIZATION_LEVEL = 0;
				GCC_PREPROCESSOR_DEFINITIONS = (
					"DEBUG=1",
					"$(inherited)",
				);
				GCC_WARN_64_TO_32_BIT_CONVERSION = YES;
				GCC_WARN_ABOUT_RETURN_TYPE = YES_ERROR;
				GCC_WARN_UNDECLARED_SELECTOR = YES;
				GCC_WARN_UNINITIALIZED_AUTOS = YES_AGGRESSIVE;
				GCC_WARN_UNUSED_FUNCTION = YES;
				GCC_WARN_UNUSED_VARIABLE = YES;
				IPHONEOS_DEPLOYMENT_TARGET = 14.4;
				MTL_ENABLE_DEBUG_INFO = INCLUDE_SOURCE;
				MTL_FAST_MATH = YES;
				ONLY_ACTIVE_ARCH = YES;
				SDKROOT = iphoneos;
				SWIFT_ACTIVE_COMPILATION_CONDITIONS = DEBUG;
				SWIFT_OPTIMIZATION_LEVEL = "-Onone";
			};
			name = Debug;
		};
		F8B8C2EF2719C874000D7A5F /* Release */ = {
			isa = XCBuildConfiguration;
			buildSettings = {
				ALWAYS_SEARCH_USER_PATHS = NO;
				CLANG_ANALYZER_NONNULL = YES;
				CLANG_ANALYZER_NUMBER_OBJECT_CONVERSION = YES_AGGRESSIVE;
				CLANG_CXX_LANGUAGE_STANDARD = "gnu++14";
				CLANG_CXX_LIBRARY = "libc++";
				CLANG_ENABLE_MODULES = YES;
				CLANG_ENABLE_OBJC_ARC = YES;
				CLANG_ENABLE_OBJC_WEAK = YES;
				CLANG_WARN_BLOCK_CAPTURE_AUTORELEASING = YES;
				CLANG_WARN_BOOL_CONVERSION = YES;
				CLANG_WARN_COMMA = YES;
				CLANG_WARN_CONSTANT_CONVERSION = YES;
				CLANG_WARN_DEPRECATED_OBJC_IMPLEMENTATIONS = YES;
				CLANG_WARN_DIRECT_OBJC_ISA_USAGE = YES_ERROR;
				CLANG_WARN_DOCUMENTATION_COMMENTS = YES;
				CLANG_WARN_EMPTY_BODY = YES;
				CLANG_WARN_ENUM_CONVERSION = YES;
				CLANG_WARN_INFINITE_RECURSION = YES;
				CLANG_WARN_INT_CONVERSION = YES;
				CLANG_WARN_NON_LITERAL_NULL_CONVERSION = YES;
				CLANG_WARN_OBJC_IMPLICIT_RETAIN_SELF = YES;
				CLANG_WARN_OBJC_LITERAL_CONVERSION = YES;
				CLANG_WARN_OBJC_ROOT_CLASS = YES_ERROR;
				CLANG_WARN_QUOTED_INCLUDE_IN_FRAMEWORK_HEADER = YES;
				CLANG_WARN_RANGE_LOOP_ANALYSIS = YES;
				CLANG_WARN_STRICT_PROTOTYPES = YES;
				CLANG_WARN_SUSPICIOUS_MOVE = YES;
				CLANG_WARN_UNGUARDED_AVAILABILITY = YES_AGGRESSIVE;
				CLANG_WARN_UNREACHABLE_CODE = YES;
				CLANG_WARN__DUPLICATE_METHOD_MATCH = YES;
				COPY_PHASE_STRIP = NO;
				DEBUG_INFORMATION_FORMAT = "dwarf-with-dsym";
				ENABLE_NS_ASSERTIONS = NO;
				ENABLE_STRICT_OBJC_MSGSEND = YES;
				GCC_C_LANGUAGE_STANDARD = gnu11;
				GCC_NO_COMMON_BLOCKS = YES;
				GCC_WARN_64_TO_32_BIT_CONVERSION = YES;
				GCC_WARN_ABOUT_RETURN_TYPE = YES_ERROR;
				GCC_WARN_UNDECLARED_SELECTOR = YES;
				GCC_WARN_UNINITIALIZED_AUTOS = YES_AGGRESSIVE;
				GCC_WARN_UNUSED_FUNCTION = YES;
				GCC_WARN_UNUSED_VARIABLE = YES;
				IPHONEOS_DEPLOYMENT_TARGET = 14.4;
				MTL_ENABLE_DEBUG_INFO = NO;
				MTL_FAST_MATH = YES;
				SDKROOT = iphoneos;
				SWIFT_COMPILATION_MODE = wholemodule;
				SWIFT_OPTIMIZATION_LEVEL = "-O";
				VALIDATE_PRODUCT = YES;
			};
			name = Release;
		};
		F8B8C2F12719C874000D7A5F /* Debug */ = {
			isa = XCBuildConfiguration;
			buildSettings = {
				ASSETCATALOG_COMPILER_APPICON_NAME = AppIcon;
				ASSETCATALOG_COMPILER_GLOBAL_ACCENT_COLOR_NAME = AccentColor;
				CODE_SIGN_STYLE = Automatic;
				DEVELOPMENT_ASSET_PATHS = "\"SwiftUiMVVMTodo/Preview Content\"";
				ENABLE_PREVIEWS = YES;
				INFOPLIST_FILE = SwiftUiMVVMTodo/Info.plist;
				LD_RUNPATH_SEARCH_PATHS = (
					"$(inherited)",
					"@executable_path/Frameworks",
				);
				PRODUCT_BUNDLE_IDENTIFIER = com.kchienja.SwiftUiMVVMTodo;
				PRODUCT_NAME = "$(TARGET_NAME)";
				SWIFT_VERSION = 5.0;
				TARGETED_DEVICE_FAMILY = "1,2";
			};
			name = Debug;
		};
		F8B8C2F22719C874000D7A5F /* Release */ = {
			isa = XCBuildConfiguration;
			buildSettings = {
				ASSETCATALOG_COMPILER_APPICON_NAME = AppIcon;
				ASSETCATALOG_COMPILER_GLOBAL_ACCENT_COLOR_NAME = AccentColor;
				CODE_SIGN_STYLE = Automatic;
				DEVELOPMENT_ASSET_PATHS = "\"SwiftUiMVVMTodo/Preview Content\"";
				ENABLE_PREVIEWS = YES;
				INFOPLIST_FILE = SwiftUiMVVMTodo/Info.plist;
				LD_RUNPATH_SEARCH_PATHS = (
					"$(inherited)",
					"@executable_path/Frameworks",
				);
				PRODUCT_BUNDLE_IDENTIFIER = com.kchienja.SwiftUiMVVMTodo;
				PRODUCT_NAME = "$(TARGET_NAME)";
				SWIFT_VERSION = 5.0;
				TARGETED_DEVICE_FAMILY = "1,2";
			};
			name = Release;
		};
		F8B8C2F42719C874000D7A5F /* Debug */ = {
			isa = XCBuildConfiguration;
			buildSettings = {
				ALWAYS_EMBED_SWIFT_STANDARD_LIBRARIES = YES;
				BUNDLE_LOADER = "$(TEST_HOST)";
				CODE_SIGN_STYLE = Automatic;
				INFOPLIST_FILE = SwiftUiMVVMTodoTests/Info.plist;
				IPHONEOS_DEPLOYMENT_TARGET = 14.4;
				LD_RUNPATH_SEARCH_PATHS = (
					"$(inherited)",
					"@executable_path/Frameworks",
					"@loader_path/Frameworks",
				);
				PRODUCT_BUNDLE_IDENTIFIER = com.kchienja.SwiftUiMVVMTodoTests;
				PRODUCT_NAME = "$(TARGET_NAME)";
				SWIFT_VERSION = 5.0;
				TARGETED_DEVICE_FAMILY = "1,2";
				TEST_HOST = "$(BUILT_PRODUCTS_DIR)/SwiftUiMVVMTodo.app/SwiftUiMVVMTodo";
			};
			name = Debug;
		};
		F8B8C2F52719C874000D7A5F /* Release */ = {
			isa = XCBuildConfiguration;
			buildSettings = {
				ALWAYS_EMBED_SWIFT_STANDARD_LIBRARIES = YES;
				BUNDLE_LOADER = "$(TEST_HOST)";
				CODE_SIGN_STYLE = Automatic;
				INFOPLIST_FILE = SwiftUiMVVMTodoTests/Info.plist;
				IPHONEOS_DEPLOYMENT_TARGET = 14.4;
				LD_RUNPATH_SEARCH_PATHS = (
					"$(inherited)",
					"@executable_path/Frameworks",
					"@loader_path/Frameworks",
				);
				PRODUCT_BUNDLE_IDENTIFIER = com.kchienja.SwiftUiMVVMTodoTests;
				PRODUCT_NAME = "$(TARGET_NAME)";
				SWIFT_VERSION = 5.0;
				TARGETED_DEVICE_FAMILY = "1,2";
				TEST_HOST = "$(BUILT_PRODUCTS_DIR)/SwiftUiMVVMTodo.app/SwiftUiMVVMTodo";
			};
			name = Release;
		};
		F8B8C2F72719C874000D7A5F /* Debug */ = {
			isa = XCBuildConfiguration;
			buildSettings = {
				ALWAYS_EMBED_SWIFT_STANDARD_LIBRARIES = YES;
				CODE_SIGN_STYLE = Automatic;
				INFOPLIST_FILE = SwiftUiMVVMTodoUITests/Info.plist;
				LD_RUNPATH_SEARCH_PATHS = (
					"$(inherited)",
					"@executable_path/Frameworks",
					"@loader_path/Frameworks",
				);
				PRODUCT_BUNDLE_IDENTIFIER = com.kchienja.SwiftUiMVVMTodoUITests;
				PRODUCT_NAME = "$(TARGET_NAME)";
				SWIFT_VERSION = 5.0;
				TARGETED_DEVICE_FAMILY = "1,2";
				TEST_TARGET_NAME = SwiftUiMVVMTodo;
			};
			name = Debug;
		};
		F8B8C2F82719C874000D7A5F /* Release */ = {
			isa = XCBuildConfiguration;
			buildSettings = {
				ALWAYS_EMBED_SWIFT_STANDARD_LIBRARIES = YES;
				CODE_SIGN_STYLE = Automatic;
				INFOPLIST_FILE = SwiftUiMVVMTodoUITests/Info.plist;
				LD_RUNPATH_SEARCH_PATHS = (
					"$(inherited)",
					"@executable_path/Frameworks",
					"@loader_path/Frameworks",
				);
				PRODUCT_BUNDLE_IDENTIFIER = com.kchienja.SwiftUiMVVMTodoUITests;
				PRODUCT_NAME = "$(TARGET_NAME)";
				SWIFT_VERSION = 5.0;
				TARGETED_DEVICE_FAMILY = "1,2";
				TEST_TARGET_NAME = SwiftUiMVVMTodo;
			};
			name = Release;
		};
/* End XCBuildConfiguration section */

/* Begin XCConfigurationList section */
		F8B8C2C12719C870000D7A5F /* Build configuration list for PBXProject "SwiftUiMVVMTodo" */ = {
			isa = XCConfigurationList;
			buildConfigurations = (
				F8B8C2EE2719C874000D7A5F /* Debug */,
				F8B8C2EF2719C874000D7A5F /* Release */,
			);
			defaultConfigurationIsVisible = 0;
			defaultConfigurationName = Release;
		};
		F8B8C2F02719C874000D7A5F /* Build configuration list for PBXNativeTarget "SwiftUiMVVMTodo" */ = {
			isa = XCConfigurationList;
			buildConfigurations = (
				F8B8C2F12719C874000D7A5F /* Debug */,
				F8B8C2F22719C874000D7A5F /* Release */,
			);
			defaultConfigurationIsVisible = 0;
			defaultConfigurationName = Release;
		};
		F8B8C2F32719C874000D7A5F /* Build configuration list for PBXNativeTarget "SwiftUiMVVMTodoTests" */ = {
			isa = XCConfigurationList;
			buildConfigurations = (
				F8B8C2F42719C874000D7A5F /* Debug */,
				F8B8C2F52719C874000D7A5F /* Release */,
			);
			defaultConfigurationIsVisible = 0;
			defaultConfigurationName = Release;
		};
		F8B8C2F62719C874000D7A5F /* Build configuration list for PBXNativeTarget "SwiftUiMVVMTodoUITests" */ = {
			isa = XCConfigurationList;
			buildConfigurations = (
				F8B8C2F72719C874000D7A5F /* Debug */,
				F8B8C2F82719C874000D7A5F /* Release */,
			);
			defaultConfigurationIsVisible = 0;
			defaultConfigurationName = Release;
		};
/* End XCConfigurationList section */
	};
	rootObject = F8B8C2BE2719C870000D7A5F /* Project object */;
}
